
Microsoft Visual Studio Solution File, Format Version 12.00
# Visual Studio Version 17
VisualStudioVersion = 17.10.35122.118
MinimumVisualStudioVersion = 10.0.40219.1
Project("{9A19103F-16F7-4668-BE54-9A1E7A4F7556}") = "Intech.NarimePalletizingSystem.BLL", "Intech.NarimePalletizingSystem.BLL\Intech.NarimePalletizingSystem.BLL.csproj", "{04CA5ABC-C25D-45C6-8B60-F33FF74BB9BF}"
EndProject
Project("{9A19103F-16F7-4668-BE54-9A1E7A4F7556}") = "Intech.NarimePalletizingSystem.DAL", "Intech.NarimePalletizingSystem.DAL\Intech.NarimePalletizingSystem.DAL.csproj", "{4F9B44E4-39EF-4B9E-ABE5-4504A76C2B43}"
EndProject
Project("{9A19103F-16F7-4668-BE54-9A1E7A4F7556}") = "Intech.NarimePalletizingSystem.UI", "Intech.NarimePalletizingSystem.UI\Intech.NarimePalletizingSystem.UI.csproj", "{B6FFF3F7-5E07-4791-928E-4DC77812AC9A}"
EndProject
Project("{54435603-DBB4-11D2-8724-00A0C9A8B90C}") = "Narime_x86", "Narime_x86\Narime_x86.vdproj", "{9BCAA214-DFFC-417E-8EFC-834A0F7C8E7D}"
EndProject
Global
	GlobalSection(SolutionConfigurationPlatforms) = preSolution
		Debug|Any CPU = Debug|Any CPU
		Release|Any CPU = Release|Any CPU
	EndGlobalSection
	GlobalSection(ProjectConfigurationPlatforms) = postSolution
		{04CA5ABC-C25D-45C6-8B60-F33FF74BB9BF}.Debug|Any CPU.ActiveCfg = Debug|Any CPU
		{04CA5ABC-C25D-45C6-8B60-F33FF74BB9BF}.Debug|Any CPU.Build.0 = Debug|Any CPU
		{04CA5ABC-C25D-45C6-8B60-F33FF74BB9BF}.Release|Any CPU.ActiveCfg = Release|Any CPU
		{04CA5ABC-C25D-45C6-8B60-F33FF74BB9BF}.Release|Any CPU.Build.0 = Release|Any CPU
		{4F9B44E4-39EF-4B9E-ABE5-4504A76C2B43}.Debug|Any CPU.ActiveCfg = Debug|Any CPU
		{4F9B44E4-39EF-4B9E-ABE5-4504A76C2B43}.Debug|Any CPU.Build.0 = Debug|Any CPU
		{4F9B44E4-39EF-4B9E-ABE5-4504A76C2B43}.Release|Any CPU.ActiveCfg = Release|Any CPU
		{4F9B44E4-39EF-4B9E-ABE5-4504A76C2B43}.Release|Any CPU.Build.0 = Release|Any CPU
		{B6FFF3F7-5E07-4791-928E-4DC77812AC9A}.Debug|Any CPU.ActiveCfg = Debug|x86
		{B6FFF3F7-5E07-4791-928E-4DC77812AC9A}.Debug|Any CPU.Build.0 = Debug|x86
		{B6FFF3F7-5E07-4791-928E-4DC77812AC9A}.Release|Any CPU.ActiveCfg = Release|Any CPU
		{B6FFF3F7-5E07-4791-928E-4DC77812AC9A}.Release|Any CPU.Build.0 = Release|Any CPU
		{9BCAA214-DFFC-417E-8EFC-834A0F7C8E7D}.Debug|Any CPU.ActiveCfg = Debug
		{9BCAA214-DFFC-417E-8EFC-834A0F7C8E7D}.Release|Any CPU.ActiveCfg = Release
	EndGlobalSection
	GlobalSection(SolutionProperties) = preSolution
		HideSolutionNode = FALSE
	EndGlobalSection
	GlobalSection(ExtensibilityGlobals) = postSolution
		SolutionGuid = {5CBA0293-2487-4780-BBF1-0BD5AE65D6A4}
	EndGlobalSection
EndGlobal
